
Microsoft Visual Studio Solution File, Format Version 12.00
# Visual Studio Version 17
VisualStudioVersion = 17.14.36310.24 d17.14
MinimumVisualStudioVersion = 10.0.40219.1
Project("{FAE04EC0-301F-11D3-BF4B-00C04F79EFBC}") = "gokart", "gokart\gokart.csproj", "{53673C13-EEA8-4233-B76F-3401356D579F}"
EndProject
Global
	GlobalSection(SolutionConfigurationPlatforms) = preSolution
		Debug|Any CPU = Debug|Any CPU
		Release|Any CPU = Release|Any CPU
	EndGlobalSection
	GlobalSection(ProjectConfigurationPlatforms) = postSolution
		{53673C13-EEA8-4233-B76F-3401356D579F}.Debug|Any CPU.ActiveCfg = Debug|Any CPU
		{53673C13-EEA8-4233-B76F-3401356D579F}.Debug|Any CPU.Build.0 = Debug|Any CPU
		{53673C13-EEA8-4233-B76F-3401356D579F}.Release|Any CPU.ActiveCfg = Release|Any CPU
		{53673C13-EEA8-4233-B76F-3401356D579F}.Release|Any CPU.Build.0 = Release|Any CPU
	EndGlobalSection
	GlobalSection(SolutionProperties) = preSolution
		HideSolutionNode = FALSE
	EndGlobalSection
	GlobalSection(ExtensibilityGlobals) = postSolution
		SolutionGuid = {7F40CEC5-64C6-4FB3-9D6E-E5BE9EF62B40}
	EndGlobalSection
EndGlobal
